dependencies:
  '@types/node': 12.6.9
  canvas: 2.6.0
  cheerio: 1.0.0-rc.3
  discord.js: 11.5.1
  dotenv: 6.2.0
  esm: 3.2.25
  got: 9.6.0
  intl: 1.2.5
  jimp: 0.6.4
  skmeans: 0.10.2
  ts-node: 8.3.0_typescript@3.5.3
  typescript: 3.5.3
lockfileVersion: 5.1
packages:
  /@babel/polyfill/7.4.4:
    dependencies:
      core-js: 2.6.9
      regenerator-runtime: 0.13.3
    deprecated: "\U0001F6A8 As of Babel 7.4.0, this\npackage has been deprecated in favor of directly\nincluding core-js/stable (to polyfill ECMAScript\nfeatures) and regenerator-runtime/runtime\n(needed to use transpiled generator functions):\n\n  > import \"core-js/stable\";\n  > import \"regenerator-runtime/runtime\";"
    dev: false
    resolution:
      integrity: sha512-WlthFLfhQQhh+A2Gn5NSFl0Huxz36x86Jn+E9OW7ibK8edKPq+KLy4apM1yDpQ8kJOVi1OVjpP4vSDLdrI04dg==
  /@jimp/bmp/0.6.4_@jimp+custom@0.6.4:
    dependencies:
      '@jimp/custom': 0.6.4
      '@jimp/utils': 0.6.4
      bmp-js: 0.1.0
      core-js: 2.6.9
    dev: false
    peerDependencies:
      '@jimp/custom': '>=0.3.5'
    resolution:
      integrity: sha512-dhKM7Cjw4XoOefx3/we2+vWyTP6hQPpM7mEsziGjtsrK2f/e3/+hhHbEsQNgO9BOA1FPJRXAOiYHts9IlMH1mg==
  /@jimp/core/0.6.4:
    dependencies:
      '@jimp/utils': 0.6.4
      any-base: 1.1.0
      buffer: 5.2.1
      core-js: 2.6.9
      exif-parser: 0.1.12
      file-type: 9.0.0
      load-bmfont: 1.4.0
      mkdirp: 0.5.1
      phin: 2.9.3
      pixelmatch: 4.0.2
      tinycolor2: 1.4.1
    dev: false
    resolution:
      integrity: sha512-nyiAXI8/uU54fGO53KrRB8pdn1s+IODZ+rj0jG2owsNJlTlagFrsZAy8IVTUCOiiXjh9TbwFo7D5XMrmi4KUww==
  /@jimp/custom/0.6.4:
    dependencies:
      '@jimp/core': 0.6.4
      core-js: 2.6.9
    dev: false
    resolution:
      integrity: sha512-sdBHrBoVr1+PFx4dlUAgXvvu4dG0esQobhg7qhpSLRje1ScavIgE2iXdJKpycgzrqwAOL8vW4/E5w2/rONlaoQ==
  /@jimp/gif/0.6.4_@jimp+custom@0.6.4:
    dependencies:
      '@jimp/custom': 0.6.4
      '@jimp/utils': 0.6.4
      core-js: 2.6.9
      omggif: 1.0.10
    dev: false
    peerDependencies:
      '@jimp/custom': '>=0.3.5'
    resolution:
      integrity: sha512-14mLoyG0UrYJsGNRoXBFvSJdFtBD0BSBwQ1zCNeW+HpQqdl+Kh5E1Pz4nqT2KNylJe1jypyR51Q2yndgcfGVyg==
  /@jimp/jpeg/0.6.4_@jimp+custom@0.6.4:
    dependencies:
      '@jimp/custom': 0.6.4
      '@jimp/utils': 0.6.4
      core-js: 2.6.9
      jpeg-js: 0.3.5
    dev: false
    peerDependencies:
      '@jimp/custom': '>=0.3.5'
    resolution:
      integrity: sha512-NrFla9fZC/Bhw1Aa9vJ6cBOqpB5ylEPb9jD+yZ0fzcAw5HwILguS//oXv9EWLApIY1XsOMFFe0XWpY653rv8hw==
  /@jimp/plugin-blit/0.6.4_@jimp+custom@0.6.4:
    dependencies:
      '@jimp/custom': 0.6.4
      '@jimp/utils': 0.6.4
      core-js: 2.6.9
    dev: false
    peerDependencies:
      '@jimp/custom': '>=0.3.5'
    resolution:
      integrity: sha512-suVznd4XozkQIuECX0u8kMl+cAQpZN3WcbWXUcJaVxRi+VBvHIetG1Qs5qGLzuEg9627+kE7ppv0UgZ5mkE6lg==
  /@jimp/plugin-blur/0.6.4_@jimp+custom@0.6.4:
    dependencies:
      '@jimp/custom': 0.6.4
      '@jimp/utils': 0.6.4
      core-js: 2.6.9
    dev: false
    peerDependencies:
      '@jimp/custom': '>=0.3.5'
    resolution:
      integrity: sha512-M2fDMYUUtEKVNnCJZk5J0KSMzzISobmWfnG88RdHXJCkOn98kdawQFwTsYOfJJfCM8jWfhIxwZLFhC/2lkTN2w==
  /@jimp/plugin-color/0.6.4_@jimp+custom@0.6.4:
    dependencies:
      '@jimp/custom': 0.6.4
      '@jimp/utils': 0.6.4
      core-js: 2.6.9
      tinycolor2: 1.4.1
    dev: false
    peerDependencies:
      '@jimp/custom': '>=0.3.5'
    resolution:
      integrity: sha512-6Nfr2l9KSb6zH2fij8G6fQOw85TTkyRaBlqMvDmsQp/I1IlaDbXzA2C2Eh9jkQYZQDPu61B1MkmlEhJp/TUx6Q==
  /@jimp/plugin-contain/0.6.4_385cdb3b8cba0f8eecc2a4b1f89d6aa2:
    dependencies:
      '@jimp/custom': 0.6.4
      '@jimp/plugin-blit': 0.6.4_@jimp+custom@0.6.4
      '@jimp/plugin-resize': 0.6.4_@jimp+custom@0.6.4
      '@jimp/plugin-scale': 0.6.4_acf3e9596e5a1bdd68243b5202c9d3b4
      '@jimp/utils': 0.6.4
      core-js: 2.6.9
    dev: false
    peerDependencies:
      '@jimp/custom': '>=0.3.5'
      '@jimp/plugin-blit': '>=0.3.5'
      '@jimp/plugin-resize': '>=0.3.5'
      '@jimp/plugin-scale': '>=0.3.5'
    resolution:
      integrity: sha512-qI1MxU1noS6NbEPu/bDDeP405aMviuIsfpOz8J3En8IwIwrJV22qt6QIHmF+eyng8CYgivwIPjEPzFzLR566Nw==
  /@jimp/plugin-cover/0.6.4_c72fb0489692a2fdb5e5ef1906da212d:
    dependencies:
      '@jimp/custom': 0.6.4
      '@jimp/plugin-crop': 0.6.4_@jimp+custom@0.6.4
      '@jimp/plugin-resize': 0.6.4_@jimp+custom@0.6.4
      '@jimp/plugin-scale': 0.6.4_acf3e9596e5a1bdd68243b5202c9d3b4
      '@jimp/utils': 0.6.4
      core-js: 2.6.9
    dev: false
    peerDependencies:
      '@jimp/custom': '>=0.3.5'
      '@jimp/plugin-crop': '>=0.3.5'
      '@jimp/plugin-resize': '>=0.3.5'
      '@jimp/plugin-scale': '>=0.3.5'
    resolution:
      integrity: sha512-z6eafPonj3LJY8cTEfRkXmOfCDi1+f0tbYaNvmiu+OrWJ3Ojw2hMt+BVVvJ8pKe1dWIFkCjxOjyjZWj1gEkaLw==
  /@jimp/plugin-crop/0.6.4_@jimp+custom@0.6.4:
    dependencies:
      '@jimp/custom': 0.6.4
      '@jimp/utils': 0.6.4
      core-js: 2.6.9
    dev: false
    peerDependencies:
      '@jimp/custom': '>=0.3.5'
    resolution:
      integrity: sha512-w9TR+pn+GeWbznscGe2HRkPxInge0whAF3TLPWhPwBVjZChTT8dSDXsUpUlxQqvI4SfzuKp8z3/0SBqYDCzxxA==
  /@jimp/plugin-displace/0.6.4_@jimp+custom@0.6.4:
    dependencies:
      '@jimp/custom': 0.6.4
      '@jimp/utils': 0.6.4
      core-js: 2.6.9
    dev: false
    peerDependencies:
      '@jimp/custom': '>=0.3.5'
    resolution:
      integrity: sha512-MEvtBXOAio/3iGJkKBrTtFs3Q38ez2Wy/wTD0Ruas+L8fjJR7l4mDgV+zjRr57CqB5mpY+L48VEoa2/gNXh9cg==
  /@jimp/plugin-dither/0.6.4_@jimp+custom@0.6.4:
    dependencies:
      '@jimp/custom': 0.6.4
      '@jimp/utils': 0.6.4
      core-js: 2.6.9
    dev: false
    peerDependencies:
      '@jimp/custom': '>=0.3.5'
    resolution:
      integrity: sha512-w+AGLcIMUeJZ4CI0FvFomahgKLcW+ICsLidUNOqyLzceluPAfug4X7vDhQ41pNkzKg0M1+Q1j0aWV8bdyF+LhA==
  /@jimp/plugin-flip/0.6.4_ea85efef0dbdcebe47ad7fba284796e7:
    dependencies:
      '@jimp/custom': 0.6.4
      '@jimp/plugin-rotate': 0.6.4_fda18812ab199ecb808bab8314820e41
      '@jimp/utils': 0.6.4
      core-js: 2.6.9
    dev: false
    peerDependencies:
      '@jimp/custom': '>=0.3.5'
      '@jimp/plugin-rotate': '>=0.3.5'
    resolution:
      integrity: sha512-ukINMegMUM9KYjyDCiyYKYdSsbhNRLHDwOJN0xVRalmOKqNaZmjNbiMbaVxKlYt6sHW76RhSMOekw9f6GQB9tQ==
  /@jimp/plugin-gaussian/0.6.4_@jimp+custom@0.6.4:
    dependencies:
      '@jimp/custom': 0.6.4
      '@jimp/utils': 0.6.4
      core-js: 2.6.9
    dev: false
    peerDependencies:
      '@jimp/custom': '>=0.3.5'
    resolution:
      integrity: sha512-C1P6ohzIddpNb7CX5X+ygbp+ow8Fpt64ZLoIgdjYPs/42HxKluvY62fVfMhY6m5zUGKIMbg0uYeAtz/9LRJPyw==
  /@jimp/plugin-invert/0.6.4_@jimp+custom@0.6.4:
    dependencies:
      '@jimp/custom': 0.6.4
      '@jimp/utils': 0.6.4
      core-js: 2.6.9
    dev: false
    peerDependencies:
      '@jimp/custom': '>=0.3.5'
    resolution:
      integrity: sha512-sleGz1jXaNEsP/5Ayqw8oez/6KesWcyCqovIuK4Z4kDmMc2ncuhsXIJQXDWtIF4tTQVzNEgrxUDNA4bi9xpCUA==
  /@jimp/plugin-mask/0.6.4_@jimp+custom@0.6.4:
    dependencies:
      '@jimp/custom': 0.6.4
      '@jimp/utils': 0.6.4
      core-js: 2.6.9
    dev: false
    peerDependencies:
      '@jimp/custom': '>=0.3.5'
    resolution:
      integrity: sha512-3D4FbRxnpO9nzwa6cF8AImgO1aVReYbfRRO4I4bku4/iZ+kuU3fBLV+SRhB4c7di3ejG5u+rGsIfaNc94iYYvw==
  /@jimp/plugin-normalize/0.6.4_@jimp+custom@0.6.4:
    dependencies:
      '@jimp/custom': 0.6.4
      '@jimp/utils': 0.6.4
      core-js: 2.6.9
    dev: false
    peerDependencies:
      '@jimp/custom': '>=0.3.5'
    resolution:
      integrity: sha512-nOFMwOaVkOKArHkD/T6/1HKAPj3jlW6l0JduVDn1A5eIPCtlnyhlE9zdjgi5Q9IBR/gRjwW6tTzBKuJenS51kg==
  /@jimp/plugin-print/0.6.4_d0ee9ffd5f0089a4b8e60ceb555f9e1a:
    dependencies:
      '@jimp/custom': 0.6.4
      '@jimp/plugin-blit': 0.6.4_@jimp+custom@0.6.4
      '@jimp/utils': 0.6.4
      core-js: 2.6.9
      load-bmfont: 1.4.0
    dev: false
    peerDependencies:
      '@jimp/custom': '>=0.3.5'
      '@jimp/plugin-blit': '>=0.3.5'
    resolution:
      integrity: sha512-3z5DLVCKg0NfZhHATEaYH/4XanIboPP1pOUoxIUeF++qOnGiGgH2giFJlRprHmx2l3E3DukR1v8pt54PGvfrFw==
  /@jimp/plugin-resize/0.6.4_@jimp+custom@0.6.4:
    dependencies:
      '@jimp/custom': 0.6.4
      '@jimp/utils': 0.6.4
      core-js: 2.6.9
    dev: false
    peerDependencies:
      '@jimp/custom': '>=0.3.5'
    resolution:
      integrity: sha512-fk2+KheUNClrOWj6aDNWj1r4byVQb6Qxy4aT1UHX5GXPHDA+nhlej7ghaYdzeWZYodeM3lpasYtByu1XE2qScQ==
  /@jimp/plugin-rotate/0.6.4_fda18812ab199ecb808bab8314820e41:
    dependencies:
      '@jimp/custom': 0.6.4
      '@jimp/plugin-blit': 0.6.4_@jimp+custom@0.6.4
      '@jimp/plugin-crop': 0.6.4_@jimp+custom@0.6.4
      '@jimp/plugin-resize': 0.6.4_@jimp+custom@0.6.4
      '@jimp/utils': 0.6.4
      core-js: 2.6.9
    dev: false
    peerDependencies:
      '@jimp/custom': '>=0.3.5'
      '@jimp/plugin-blit': '>=0.3.5'
      '@jimp/plugin-crop': '>=0.3.5'
      '@jimp/plugin-resize': '>=0.3.5'
    resolution:
      integrity: sha512-44VgV5D4xQIYInJAVevdW9J3SOhGKyz0OEr2ciA8Q3ktonKx0O5Q1g2kbruiqxFSkK/u2CKPLeKXZzYCFrmJGQ==
  /@jimp/plugin-scale/0.6.4_acf3e9596e5a1bdd68243b5202c9d3b4:
    dependencies:
      '@jimp/custom': 0.6.4
      '@jimp/plugin-resize': 0.6.4_@jimp+custom@0.6.4
      '@jimp/utils': 0.6.4
      core-js: 2.6.9
    dev: false
    peerDependencies:
      '@jimp/custom': '>=0.3.5'
      '@jimp/plugin-resize': '>=0.3.5'
    resolution:
      integrity: sha512-RAQRaDiCHmEz+A8QS5d/Z38EnlNsQizz3Mu3NsjA8uFtJsv1yMKWXZSQuzniofZw8tlMV6oI3VdM0eQVE07/5w==
  /@jimp/plugins/0.6.4_@jimp+custom@0.6.4:
    dependencies:
      '@jimp/custom': 0.6.4
      '@jimp/plugin-blit': 0.6.4_@jimp+custom@0.6.4
      '@jimp/plugin-blur': 0.6.4_@jimp+custom@0.6.4
      '@jimp/plugin-color': 0.6.4_@jimp+custom@0.6.4
      '@jimp/plugin-contain': 0.6.4_385cdb3b8cba0f8eecc2a4b1f89d6aa2
      '@jimp/plugin-cover': 0.6.4_c72fb0489692a2fdb5e5ef1906da212d
      '@jimp/plugin-crop': 0.6.4_@jimp+custom@0.6.4
      '@jimp/plugin-displace': 0.6.4_@jimp+custom@0.6.4
      '@jimp/plugin-dither': 0.6.4_@jimp+custom@0.6.4
      '@jimp/plugin-flip': 0.6.4_ea85efef0dbdcebe47ad7fba284796e7
      '@jimp/plugin-gaussian': 0.6.4_@jimp+custom@0.6.4
      '@jimp/plugin-invert': 0.6.4_@jimp+custom@0.6.4
      '@jimp/plugin-mask': 0.6.4_@jimp+custom@0.6.4
      '@jimp/plugin-normalize': 0.6.4_@jimp+custom@0.6.4
      '@jimp/plugin-print': 0.6.4_d0ee9ffd5f0089a4b8e60ceb555f9e1a
      '@jimp/plugin-resize': 0.6.4_@jimp+custom@0.6.4
      '@jimp/plugin-rotate': 0.6.4_fda18812ab199ecb808bab8314820e41
      '@jimp/plugin-scale': 0.6.4_acf3e9596e5a1bdd68243b5202c9d3b4
      core-js: 2.6.9
      timm: 1.6.1
    dev: false
    peerDependencies:
      '@jimp/custom': '>=0.3.5'
    resolution:
      integrity: sha512-NpO/87CKnF4Q9r8gMl6w+jPKOM/C089qExkViD9cPvcFZEnyVOu7ucGzcMmTcabWOU62iQTOkRViPYr6XaK0LQ==
  /@jimp/png/0.6.4_@jimp+custom@0.6.4:
    dependencies:
      '@jimp/custom': 0.6.4
      '@jimp/utils': 0.6.4
      core-js: 2.6.9
      pngjs: 3.4.0
    dev: false
    peerDependencies:
      '@jimp/custom': '>=0.3.5'
    resolution:
      integrity: sha512-qv3oo6ll3XWVIToBwVC1wQX0MFKwpxbe2o+1ld9B4ZDavqvAHzalzcmTd/iyooI85CVDAcC3RRDo66oiizGZCQ==
  /@jimp/tiff/0.6.4_@jimp+custom@0.6.4:
    dependencies:
      '@jimp/custom': 0.6.4
      core-js: 2.6.9
      utif: 2.0.1
    dev: false
    peerDependencies:
      '@jimp/custom': '>=0.3.5'
    resolution:
      integrity: sha512-8/vD4qleexmhPdppiu6fSstj/n/kGNTn8iIlf1emiqOuMN2PL9q5GOPDWU0xWdGNyJMMIDXJPgUFUkKfqXdg7w==
  /@jimp/types/0.6.4_@jimp+custom@0.6.4:
    dependencies:
      '@jimp/bmp': 0.6.4_@jimp+custom@0.6.4
      '@jimp/custom': 0.6.4
      '@jimp/gif': 0.6.4_@jimp+custom@0.6.4
      '@jimp/jpeg': 0.6.4_@jimp+custom@0.6.4
      '@jimp/png': 0.6.4_@jimp+custom@0.6.4
      '@jimp/tiff': 0.6.4_@jimp+custom@0.6.4
      core-js: 2.6.9
      timm: 1.6.1
    dev: false
    peerDependencies:
      '@jimp/custom': '>=0.3.5'
    resolution:
      integrity: sha512-/EMbipQDg5U6DnBAgcSiydlMBRYoKhnaK7MJRImeTzhDJ6xfgNOF7lYq66o0kmaezKdG/cIwZ1CLecn2y3D8SQ==
  /@jimp/utils/0.6.4:
    dependencies:
      core-js: 2.6.9
    dev: false
    resolution:
      integrity: sha512-EFQurCyEnZLSM2Q1BYDTUmsOJPSOYEQd18Fvq8bGo8hnBHoGLWLWWyNi2l4cYhtpKmIXyhvQqa6/WaEpKPzvqA==
  /@sindresorhus/is/0.14.0:
    dev: false
    engines:
      node: '>=6'
    resolution:
      integrity: sha512-9NET910DNaIPngYnLLPeg+Ogzqsi9uM4mSboU5y6p8S5DzMTVEsJZrawi+BoDNUVBa2DhJqQYUFvMDfgU062LQ==
  /@szmarczak/http-timer/1.1.2:
    dependencies:
      defer-to-connect: 1.0.2
    dev: false
    engines:
      node: '>=6'
    resolution:
      integrity: sha512-XIB2XbzHTN6ieIjfIMV9hlVcfPU26s2vafYWQcZHWXHOxiaRZYEDKEwdl129Zyg50+foYV2jCgtrqSA6qNuNSA==
  /@types/node/12.6.8:
    dev: false
    resolution:
      integrity: sha512-aX+gFgA5GHcDi89KG5keey2zf0WfZk/HAQotEamsK2kbey+8yGKcson0hbK8E+v0NArlCJQCqMP161YhV6ZXLg==
  /@types/node/12.6.9:
    dev: false
    resolution:
      integrity: sha512-+YB9FtyxXGyD54p8rXwWaN1EWEyar5L58GlGWgtH2I9rGmLGBQcw63+0jw+ujqVavNuO47S1ByAjm9zdHMnskw==
  /abbrev/1.1.1:
    dev: false
    resolution:
      integrity: sha512-nne9/IiQ/hzIhY6pdDnbBtz7DjPTKrY00P/zvPSm5pOFkl6xuGrGnXn/VtTNNfNtAfZ9/1RtehkszU9qcTii0Q==
  /ansi-regex/2.1.1:
    dev: false
    engines:
      node: '>=0.10.0'
    resolution:
      integrity: sha1-w7M6te42DYbg5ijwRorn7yfWVN8=
  /ansi-regex/3.0.0:
    dev: false
    engines:
      node: '>=4'
    resolution:
      integrity: sha1-7QMXwyIGT3lGbAKWa922Bas32Zg=
  /any-base/1.1.0:
    dev: false
    resolution:
      integrity: sha512-uMgjozySS8adZZYePpaWs8cxB9/kdzmpX6SgJZ+wbz1K5eYk5QMYDVJaZKhxyIHUdnnJkfR7SVgStgH7LkGUyg==
  /aproba/1.2.0:
    dev: false
    resolution:
      integrity: sha512-Y9J6ZjXtoYh8RnXVCMOU/ttDmk1aBjunq9vO0ta5x85WDQiQfUF9sIPBITdbiiIVcBo03Hi3jMxigBtsddlXRw==
  /are-we-there-yet/1.1.5:
    dependencies:
      delegates: 1.0.0
      readable-stream: 2.3.6
    dev: false
    resolution:
      integrity: sha512-5hYdAkZlcG8tOLujVDTgCT+uPX0VnpAH28gWsLfzpXYm7wP6mp5Q/gYyR7YQ0cKVJcXJnl3j2kpBan13PtQf6w==
  /arg/4.1.1:
    dev: false
    resolution:
      integrity: sha512-SlmP3fEA88MBv0PypnXZ8ZfJhwmDeIE3SP71j37AiXQBXYosPV0x6uISAaHYSlSVhmHOVkomen0tbGk6Anlebw==
  /async-limiter/1.0.0:
    dev: false
    resolution:
      integrity: sha512-jp/uFnooOiO+L211eZOoSyzpOITMXx1rBITauYykG3BRYPu8h0UcxsPNB04RR5vo4Tyz3+ay17tR6JVf9qzYWg==
  /balanced-match/1.0.0:
    dev: false
    resolution:
      integrity: sha1-ibTRmasr7kneFk6gK4nORi1xt2c=
  /base64-js/1.3.0:
    dev: false
    resolution:
      integrity: sha512-ccav/yGvoa80BQDljCxsmmQ3Xvx60/UpBIij5QN21W3wBi/hhIC9OoO+KLpu9IJTS9j4DRVJ3aDDF9cMSoa2lw==
  /bmp-js/0.1.0:
    dev: false
    resolution:
      integrity: sha1-4Fpj95amwf8l9Hcex62twUjAcjM=
  /boolbase/1.0.0:
    dev: false
    resolution:
      integrity: sha1-aN/1++YMUes3cl6p4+0xDcwed24=
  /brace-expansion/1.1.11:
    dependencies:
      balanced-match: 1.0.0
      concat-map: 0.0.1
    dev: false
    resolution:
      integrity: sha512-iCuPHDFgrHX7H2vEI/5xpz07zSHB00TpugqhmYtVmMO6518mCuRMoOYFldEBl0g187ufozdaHgWKcYFb61qGiA==
  /buffer-equal/0.0.1:
    dev: false
    engines:
      node: '>=0.4.0'
    resolution:
      integrity: sha1-kbx0sR6kBbyRa8aqkI+q+ltKrEs=
  /buffer-from/1.1.1:
    dev: false
    resolution:
      integrity: sha512-MQcXEUbCKtEo7bhqEs6560Hyd4XaovZlO/k9V3hjVUF/zwW7KBVdSK4gIt/bzwS9MbR5qob+F5jusZsb0YQK2A==
  /buffer/5.2.1:
    dependencies:
      base64-js: 1.3.0
      ieee754: 1.1.13
    dev: false
    resolution:
      integrity: sha512-c+Ko0loDaFfuPWiL02ls9Xd3GO3cPVmUobQ6t3rXNUk304u6hGq+8N/kFi+QEIKhzK3uwolVhLzszmfLmMLnqg==
  /cacheable-request/6.1.0:
    dependencies:
      clone-response: 1.0.2
      get-stream: 5.1.0
      http-cache-semantics: 4.0.3
      keyv: 3.1.0
      lowercase-keys: 2.0.0
      normalize-url: 4.3.0
      responselike: 1.0.2
    dev: false
    engines:
      node: '>=8'
    resolution:
      integrity: sha512-Oj3cAGPCqOZX7Rz64Uny2GYAZNliQSqfbePrgAQ1wKAihYmCUnraBtJtKcGR4xz7wF+LoJC+ssFZvv5BgF9Igg==
  /canvas/2.6.0:
    dependencies:
      nan: 2.14.0
      node-pre-gyp: 0.11.0
      simple-get: 3.0.3
    dev: false
    engines:
      node: '>=6'
    requiresBuild: true
    resolution:
      integrity: sha512-bEO9f1ThmbknLPxCa8Es7obPlN9W3stB1bo7njlhOFKIdUTldeTqXCh9YclCPAi2pSQs84XA0jq/QEZXSzgyMw==
  /cheerio/1.0.0-rc.3:
    dependencies:
      css-select: 1.2.0
      dom-serializer: 0.1.1
      entities: 1.1.2
      htmlparser2: 3.10.1
      lodash: 4.17.15
      parse5: 3.0.3
    dev: false
    engines:
      node: '>= 0.6'
    resolution:
      integrity: sha512-0td5ijfUPuubwLUu0OBoe98gZj8C/AA+RW3v67GPlGOrvxWjZmBXiBCRU+I8VEiNyJzjth40POfHiz2RB3gImA==
  /chownr/1.1.2:
    dev: false
    resolution:
      integrity: sha512-GkfeAQh+QNy3wquu9oIZr6SS5x7wGdSgNQvD10X3r+AZr1Oys22HW8kAmDMvNg2+Dm0TeGaEuO8gFwdBXxwO8A==
  /clone-response/1.0.2:
    dependencies:
      mimic-response: 1.0.1
    dev: false
    resolution:
      integrity: sha1-0dyXOSAxTfZ/vrlCI7TuNQI56Ws=
  /code-point-at/1.1.0:
    dev: false
    engines:
      node: '>=0.10.0'
    resolution:
      integrity: sha1-DQcLTQQ6W+ozovGkDi7bPZpMz3c=
  /concat-map/0.0.1:
    dev: false
    resolution:
      integrity: sha1-2Klr13/Wjfd5OnMDajug1UBdR3s=
  /console-control-strings/1.1.0:
    dev: false
    resolution:
      integrity: sha1-PXz0Rk22RG6mRL9LOVB/mFEAjo4=
  /core-js/2.6.9:
    dev: false
    requiresBuild: true
    resolution:
      integrity: sha512-HOpZf6eXmnl7la+cUdMnLvUxKNqLUzJvgIziQ0DiF3JwSImNphIqdGqzj6hIKyX04MmV0poclQ7+wjWvxQyR2A==
  /core-util-is/1.0.2:
    dev: false
    resolution:
      integrity: sha1-tf1UIgqivFq1eqtxQMlAdUUDwac=
  /css-select/1.2.0:
    dependencies:
      boolbase: 1.0.0
      css-what: 2.1.3
      domutils: 1.5.1
      nth-check: 1.0.2
    dev: false
    resolution:
      integrity: sha1-KzoRBTnFNV8c2NMUYj6HCxIeyFg=
  /css-what/2.1.3:
    dev: false
    resolution:
      integrity: sha512-a+EPoD+uZiNfh+5fxw2nO9QwFa6nJe2Or35fGY6Ipw1R3R4AGz1d1TEZrCegvw2YTmZ0jXirGYlzxxpYSHwpEg==
  /debug/3.2.6:
    dependencies:
      ms: 2.1.2
    dev: false
    resolution:
      integrity: sha512-mel+jf7nrtEl5Pn1Qx46zARXKDpBbvzezse7p7LqINmdoIk8PYP5SySaxEmYv6TZ0JyEKA1hsCId6DIhgITtWQ==
  /decompress-response/3.3.0:
    dependencies:
      mimic-response: 1.0.1
    dev: false
    engines:
      node: '>=4'
    resolution:
      integrity: sha1-gKTdMjdIOEv6JICDYirt7Jgq3/M=
  /deep-extend/0.6.0:
    dev: false
    engines:
      node: '>=4.0.0'
    resolution:
      integrity: sha512-LOHxIOaPYdHlJRtCQfDIVZtfw/ufM8+rVj649RIHzcm/vGwQRXFt6OPqIFWsm2XEMrNIEtWR64sY1LEKD2vAOA==
  /defer-to-connect/1.0.2:
    dev: false
    resolution:
      integrity: sha512-k09hcQcTDY+cwgiwa6PYKLm3jlagNzQ+RSvhjzESOGOx+MNOuXkxTfEvPrO1IOQ81tArCFYQgi631clB70RpQw==
  /define-properties/1.1.3:
    dependencies:
      object-keys: 1.1.1
    dev: false
    engines:
      node: '>= 0.4'
    resolution:
      integrity: sha512-3MqfYKj2lLzdMSf8ZIZE/V+Zuy+BgD6f164e8K2w7dgnpKArBDerGYpM46IYYcjnkdPNMjPk9A6VFB8+3SKlXQ==
  /delegates/1.0.0:
    dev: false
    resolution:
      integrity: sha1-hMbhWbgZBP3KWaDvRM2HDTElD5o=
  /detect-libc/1.0.3:
    dev: false
    engines:
      node: '>=0.10'
    hasBin: true
    resolution:
      integrity: sha1-+hN8S9aY7fVc1c0CrFWfkaTEups=
  /diff/4.0.1:
    dev: false
    engines:
      node: '>=0.3.1'
    resolution:
      integrity: sha512-s2+XdvhPCOF01LRQBC8hf4vhbVmI2CGS5aZnxLJlT5FtdhPCDFq80q++zK2KlrVorVDdL5BOGZ/VfLrVtYNF+Q==
  /discord.js/11.5.1:
    dependencies:
      long: 4.0.0
      prism-media: 0.0.3
      snekfetch: 3.6.4
      tweetnacl: 1.0.1
      ws: 6.2.1
    dev: false
    engines:
      node: '>=6.0.0'
    peerDependencies:
      '@discordjs/uws': ^10.149.0
      bufferutil: ^4.0.0
      erlpack: discordapp/erlpack
      libsodium-wrappers: ^0.7.3
      node-opus: ^0.2.7
      opusscript: ^0.0.6
      sodium: ^2.0.3
    peerDependenciesMeta:
      bufferutil:
        optional: true
      erlpack:
        optional: true
      libsodium-wrappers:
        optional: true
      node-opus:
        optional: true
      opusscript:
        optional: true
      sodium:
        optional: true
      uws:
        optional: true
    resolution:
      integrity: sha512-tGhV5xaZXE3Z+4uXJb3hYM6gQ1NmnSxp9PClcsSAYFVRzH6AJH74040mO3afPDMWEAlj8XsoPXXTJHTxesqcGw==
  /dom-serializer/0.1.1:
    dependencies:
      domelementtype: 1.3.1
      entities: 1.1.2
    dev: false
    resolution:
      integrity: sha512-l0IU0pPzLWSHBcieZbpOKgkIn3ts3vAh7ZuFyXNwJxJXk/c4Gwj9xaTJwIDVQCXawWD0qb3IzMGH5rglQaO0XA==
  /dom-walk/0.1.1:
    dev: false
    resolution:
      integrity: sha1-ZyIm3HTI95mtNTB9+TaroRrNYBg=
  /domelementtype/1.3.1:
    dev: false
    resolution:
      integrity: sha512-BSKB+TSpMpFI/HOxCNr1O8aMOTZ8hT3pM3GQ0w/mWRmkhEDSFJkkyzz4XQsBV44BChwGkrDfMyjVD0eA2aFV3w==
  /domhandler/2.4.2:
    dependencies:
      domelementtype: 1.3.1
    dev: false
    resolution:
      integrity: sha512-JiK04h0Ht5u/80fdLMCEmV4zkNh2BcoMFBmZ/91WtYZ8qVXSKjiw7fXMgFPnHcSZgOo3XdinHvmnDUeMf5R4wA==
  /domutils/1.5.1:
    dependencies:
      dom-serializer: 0.1.1
      domelementtype: 1.3.1
    dev: false
    resolution:
      integrity: sha1-3NhIiib1Y9YQeeSMn3t+Mjc2gs8=
  /domutils/1.7.0:
    dependencies:
      dom-serializer: 0.1.1
      domelementtype: 1.3.1
    dev: false
    resolution:
      integrity: sha512-Lgd2XcJ/NjEw+7tFvfKxOzCYKZsdct5lczQ2ZaQY8Djz7pfAD3Gbp8ySJWtreII/vDlMVmxwa6pHmdxIYgttDg==
  /dotenv/6.2.0:
    dev: false
    engines:
      node: '>=6'
    resolution:
      integrity: sha512-HygQCKUBSFl8wKQZBSemMywRWcEDNidvNbjGVyZu3nbZ8qq9ubiPoGLMdRDpfSrpkkm9BXYFkpKxxFX38o/76w==
  /duplexer3/0.1.4:
    dev: false
    resolution:
      integrity: sha1-7gHdHKwO08vH/b6jfcCo8c4ALOI=
  /end-of-stream/1.4.1:
    dependencies:
      once: 1.4.0
    dev: false
    resolution:
      integrity: sha512-1MkrZNvWTKCaigbn+W15elq2BB/L22nqrSY5DKlo3X6+vclJm8Bb5djXJBmEX6fS3+zCh/F4VBK5Z2KxJt4s2Q==
  /entities/1.1.2:
    dev: false
    resolution:
      integrity: sha512-f2LZMYl1Fzu7YSBKg+RoROelpOaNrcGmE9AZubeDfrCEia483oW4MI4VyFd5VNHIgQ/7qm1I0wUHK1eJnn2y2w==
  /es-abstract/1.13.0:
    dependencies:
      es-to-primitive: 1.2.0
      function-bind: 1.1.1
      has: 1.0.3
      is-callable: 1.1.4
      is-regex: 1.0.4
      object-keys: 1.1.1
    dev: false
    engines:
      node: '>= 0.4'
    resolution:
      integrity: sha512-vDZfg/ykNxQVwup/8E1BZhVzFfBxs9NqMzGcvIJrqg5k2/5Za2bWo40dK2J1pgLngZ7c+Shh8lwYtLGyrwPutg==
  /es-to-primitive/1.2.0:
    dependencies:
      is-callable: 1.1.4
      is-date-object: 1.0.1
      is-symbol: 1.0.2
    dev: false
    engines:
      node: '>= 0.4'
    resolution:
      integrity: sha512-qZryBOJjV//LaxLTV6UC//WewneB3LcXOL9NP++ozKVXsIIIpm/2c13UDiD9Jp2eThsecw9m3jPqDwTyobcdbg==
  /esm/3.2.25:
    dev: false
    engines:
      node: '>=6'
    resolution:
      integrity: sha512-U1suiZ2oDVWv4zPO56S0NcR5QriEahGtdN2OR6FiOG4WJvcjBVFB0qI4+eKoWFH483PKGuLuu6V8Z4T5g63UVA==
  /exif-parser/0.1.12:
    dev: false
    resolution:
      integrity: sha1-WKnS1ywCwfbwKg70qRZicrd2CSI=
  /file-type/9.0.0:
    dev: false
    engines:
      node: '>=6'
    resolution:
      integrity: sha512-Qe/5NJrgIOlwijpq3B7BEpzPFcgzggOTagZmkXQY4LA6bsXKTUstK7Wp12lEJ/mLKTpvIZxmIuRcLYWT6ov9lw==
  /for-each/0.3.3:
    dependencies:
      is-callable: 1.1.4
    dev: false
    resolution:
      integrity: sha512-jqYfLp7mo9vIyQf8ykW2v7A+2N4QjeCeI5+Dz9XraiO1ign81wjiH7Fb9vSOWvQfNtmSa4H2RoQTrrXivdUZmw==
  /fs-minipass/1.2.6:
    dependencies:
      minipass: 2.5.0
    dev: false
    resolution:
      integrity: sha512-crhvyXcMejjv3Z5d2Fa9sf5xLYVCF5O1c71QxbVnbLsmYMBEvDAftewesN/HhY03YRoA7zOMxjNGrF5svGaaeQ==
  /fs.realpath/1.0.0:
    dev: false
    resolution:
      integrity: sha1-FQStJSMVjKpA20onh8sBQRmU6k8=
  /function-bind/1.1.1:
    dev: false
    resolution:
      integrity: sha512-yIovAzMX49sF8Yl58fSCWJ5svSLuaibPxXQJFLmBObTuCr0Mf1KiPopGM9NiFjiYBCbfaa2Fh6breQ6ANVTI0A==
  /gauge/2.7.4:
    dependencies:
      aproba: 1.2.0
      console-control-strings: 1.1.0
      has-unicode: 2.0.1
      object-assign: 4.1.1
      signal-exit: 3.0.2
      string-width: 1.0.2
      strip-ansi: 3.0.1
      wide-align: 1.1.3
    dev: false
    resolution:
      integrity: sha1-LANAXHU4w51+s3sxcCLjJfsBi/c=
  /get-stream/4.1.0:
    dependencies:
      pump: 3.0.0
    dev: false
    engines:
      node: '>=6'
    resolution:
      integrity: sha512-GMat4EJ5161kIy2HevLlr4luNjBgvmj413KaQA7jt4V8B4RDsfpHk7WQ9GVqfYyyx8OS/L66Kox+rJRNklLK7w==
  /get-stream/5.1.0:
    dependencies:
      pump: 3.0.0
    dev: false
    engines:
      node: '>=8'
    resolution:
      integrity: sha512-EXr1FOzrzTfGeL0gQdeFEvOMm2mzMOglyiOXSTpPC+iAjAKftbr3jpCMWynogwYnM+eSj9sHGc6wjIcDvYiygw==
  /glob/7.1.4:
    dependencies:
      fs.realpath: 1.0.0
      inflight: 1.0.6
      inherits: 2.0.4
      minimatch: 3.0.4
      once: 1.4.0
      path-is-absolute: 1.0.1
    dev: false
    resolution:
      integrity: sha512-hkLPepehmnKk41pUGm3sYxoFs/umurYfYJCerbXEyFIWcAzvpipAgVkBqqT9RBKMGjnq6kMuyYwha6csxbiM1A==
  /global/4.3.2:
    dependencies:
      min-document: 2.19.0
      process: 0.5.2
    dev: false
    resolution:
      integrity: sha1-52mJJopsdMOJCLEwWxD8DjlOnQ8=
  /got/9.6.0:
    dependencies:
      '@sindresorhus/is': 0.14.0
      '@szmarczak/http-timer': 1.1.2
      cacheable-request: 6.1.0
      decompress-response: 3.3.0
      duplexer3: 0.1.4
      get-stream: 4.1.0
      lowercase-keys: 1.0.1
      mimic-response: 1.0.1
      p-cancelable: 1.1.0
      to-readable-stream: 1.0.0
      url-parse-lax: 3.0.0
    dev: false
    engines:
      node: '>=8.6'
    resolution:
      integrity: sha512-R7eWptXuGYxwijs0eV+v3o6+XH1IqVK8dJOEecQfTmkncw9AV4dcw/Dhxi8MdlqPthxxpZyizMzyg8RTmEsG+Q==
  /has-symbols/1.0.0:
    dev: false
    engines:
      node: '>= 0.4'
    resolution:
      integrity: sha1-uhqPGvKg/DllD1yFA2dwQSIGO0Q=
  /has-unicode/2.0.1:
    dev: false
    resolution:
      integrity: sha1-4Ob+aijPUROIVeCG0Wkedx3iqLk=
  /has/1.0.3:
    dependencies:
      function-bind: 1.1.1
    dev: false
    engines:
      node: '>= 0.4.0'
    resolution:
      integrity: sha512-f2dvO0VU6Oej7RkWJGrehjbzMAjFp5/VKPp5tTpWIV4JHHZK1/BxbFRtf/siA2SWTe09caDmVtYYzWEIbBS4zw==
  /htmlparser2/3.10.1:
    dependencies:
      domelementtype: 1.3.1
      domhandler: 2.4.2
      domutils: 1.7.0
      entities: 1.1.2
      inherits: 2.0.4
      readable-stream: 3.4.0
    dev: false
    resolution:
      integrity: sha512-IgieNijUMbkDovyoKObU1DUhm1iwNYE/fuifEoEHfd1oZKZDaONBSkal7Y01shxsM49R4XaMdGez3WnF9UfiCQ==
  /http-cache-semantics/4.0.3:
    dev: false
    resolution:
      integrity: sha512-TcIMG3qeVLgDr1TEd2XvHaTnMPwYQUQMIBLy+5pLSDKYFc7UIqj39w8EGzZkaxoLv/l2K8HaI0t5AVA+YYgUew==
  /iconv-lite/0.4.24:
    dependencies:
      safer-buffer: 2.1.2
    dev: false
    engines:
      node: '>=0.10.0'
    resolution:
      integrity: sha512-v3MXnZAcvnywkTUEZomIActle7RXXeedOR31wwl7VlyoXO4Qi9arvSenNQWne1TcRwhCL1HwLI21bEqdpj8/rA==
  /ieee754/1.1.13:
    dev: false
    resolution:
      integrity: sha512-4vf7I2LYV/HaWerSo3XmlMkp5eZ83i+/CDluXi/IGTs/O1sejBNhTtnxzmRZfvOUqj7lZjqHkeTvpgSFDlWZTg==
  /ignore-walk/3.0.1:
    dependencies:
      minimatch: 3.0.4
    dev: false
    resolution:
      integrity: sha512-DTVlMx3IYPe0/JJcYP7Gxg7ttZZu3IInhuEhbchuqneY9wWe5Ojy2mXLBaQFUQmo0AW2r3qG7m1mg86js+gnlQ==
  /inflight/1.0.6:
    dependencies:
      once: 1.4.0
      wrappy: 1.0.2
    dev: false
    resolution:
      integrity: sha1-Sb1jMdfQLQwJvJEKEHW6gWW1bfk=
  /inherits/2.0.4:
    dev: false
    resolution:
      integrity: sha512-k/vGaX4/Yla3WzyMCvTQOXYeIHvqOKtnqBduzTHpzpQZzAskKMhZ2K+EnBiSM9zGSoIFeMpXKxa4dYeZIQqewQ==
  /ini/1.3.5:
    dev: false
    resolution:
      integrity: sha512-RZY5huIKCMRWDUqZlEi72f/lmXKMvuszcMBduliQ3nnWbx9X/ZBQO7DijMEYS9EhHBb2qacRUMtC7svLwe0lcw==
  /intl/1.2.5:
    dev: false
    resolution:
      integrity: sha1-giRKIZDE5Bn4Nx9ao02qNCDiq94=
  /is-callable/1.1.4:
    dev: false
    engines:
      node: '>= 0.4'
    resolution:
      integrity: sha512-r5p9sxJjYnArLjObpjA4xu5EKI3CuKHkJXMhT7kwbpUyIFD1n5PMAsoPvWnvtZiNz7LjkYDRZhd7FlI0eMijEA==
  /is-date-object/1.0.1:
    dev: false
    engines:
      node: '>= 0.4'
    resolution:
      integrity: sha1-mqIOtq7rv/d/vTPnTKAbM1gdOhY=
  /is-fullwidth-code-point/1.0.0:
    dependencies:
      number-is-nan: 1.0.1
    dev: false
    engines:
      node: '>=0.10.0'
    resolution:
      integrity: sha1-754xOG8DGn8NZDr4L95QxFfvAMs=
  /is-fullwidth-code-point/2.0.0:
    dev: false
    engines:
      node: '>=4'
    resolution:
      integrity: sha1-o7MKXE8ZkYMWeqq5O+764937ZU8=
  /is-function/1.0.1:
    dev: false
    resolution:
      integrity: sha1-Es+5i2W1fdPRk6MSH19uL0N2ArU=
  /is-regex/1.0.4:
    dependencies:
      has: 1.0.3
    dev: false
    engines:
      node: '>= 0.4'
    resolution:
      integrity: sha1-VRdIm1RwkbCTDglWVM7SXul+lJE=
  /is-symbol/1.0.2:
    dependencies:
      has-symbols: 1.0.0
    dev: false
    engines:
      node: '>= 0.4'
    resolution:
      integrity: sha512-HS8bZ9ox60yCJLH9snBpIwv9pYUAkcuLhSA1oero1UB5y9aiQpRA8y2ex945AOtCZL1lJDeIk3G5LthswI46Lw==
  /isarray/1.0.0:
    dev: false
    resolution:
      integrity: sha1-u5NdSFgsuhaMBoNJV6VKPgcSTxE=
  /jimp/0.6.4:
    dependencies:
      '@babel/polyfill': 7.4.4
      '@jimp/custom': 0.6.4
      '@jimp/plugins': 0.6.4_@jimp+custom@0.6.4
      '@jimp/types': 0.6.4_@jimp+custom@0.6.4
      core-js: 2.6.9
    dev: false
    resolution:
      integrity: sha512-WQVMoNhkcq/fgthZOWeMdIguCVPg+t4PDFfSxvbNcrECwl8eq3/Ou2whcFWWjyW45m43yAJEY2UT7acDKl6uSQ==
  /jpeg-js/0.3.5:
    dev: false
    resolution:
      integrity: sha512-hvaExqwmQDS8O9qnZAVDXGWU43Tbu1V0wMZmjROjT11jloSgGICZpscG+P6Nyi1BVAvyu2ARRx8qmEW30sxgdQ==
  /json-buffer/3.0.0:
    dev: false
    resolution:
      integrity: sha1-Wx85evx11ne96Lz8Dkfh+aPZqJg=
  /keyv/3.1.0:
    dependencies:
      json-buffer: 3.0.0
    dev: false
    resolution:
      integrity: sha512-9ykJ/46SN/9KPM/sichzQ7OvXyGDYKGTaDlKMGCAlg2UK8KRy4jb0d8sFc+0Tt0YYnThq8X2RZgCg74RPxgcVA==
  /load-bmfont/1.4.0:
    dependencies:
      buffer-equal: 0.0.1
      mime: 1.6.0
      parse-bmfont-ascii: 1.0.6
      parse-bmfont-binary: 1.0.6
      parse-bmfont-xml: 1.1.4
      phin: 2.9.3
      xhr: 2.5.0
      xtend: 4.0.2
    dev: false
    resolution:
      integrity: sha512-kT63aTAlNhZARowaNYcY29Fn/QYkc52M3l6V1ifRcPewg2lvUZDAj7R6dXjOL9D0sict76op3T5+odumDSF81g==
  /lodash/4.17.15:
    dev: false
    resolution:
      integrity: sha512-8xOcRHvCjnocdS5cpwXQXVzmmh5e5+saE2QGoeQmbKmRS6J3VQppPOIt0MnmE+4xlZoumy0GPG0D0MVIQbNA1A==
  /long/4.0.0:
    dev: false
    resolution:
      integrity: sha512-XsP+KhQif4bjX1kbuSiySJFNAehNxgLb6hPRGJ9QsUr8ajHkuXGdrHmFUTUUXhDwVX2R5bY4JNZEwbUiMhV+MA==
  /lowercase-keys/1.0.1:
    dev: false
    engines:
      node: '>=0.10.0'
    resolution:
      integrity: sha512-G2Lj61tXDnVFFOi8VZds+SoQjtQC3dgokKdDG2mTm1tx4m50NUHBOZSBwQQHyy0V12A0JTG4icfZQH+xPyh8VA==
  /lowercase-keys/2.0.0:
    dev: false
    engines:
      node: '>=8'
    resolution:
      integrity: sha512-tqNXrS78oMOE73NMxK4EMLQsQowWf8jKooH9g7xPavRT706R6bkQJ6DY2Te7QukaZsulxa30wQ7bk0pm4XiHmA==
  /make-error/1.3.5:
    dev: false
    resolution:
      integrity: sha512-c3sIjNUow0+8swNwVpqoH4YCShKNFkMaw6oH1mNS2haDZQqkeZFlHS3dhoeEbKKmJB4vXpJucU6oH75aDYeE9g==
  /mime/1.6.0:
    dev: false
    engines:
      node: '>=4'
    hasBin: true
    resolution:
      integrity: sha512-x0Vn8spI+wuJ1O6S7gnbaQg8Pxh4NNHb7KSINmEWKiPE4RKOplvijn+NkmYmmRgP68mc70j2EbeTFRsrswaQeg==
  /mimic-response/1.0.1:
    dev: false
    engines:
      node: '>=4'
    resolution:
      integrity: sha512-j5EctnkH7amfV/q5Hgmoal1g2QHFJRraOtmx0JpIqkxhBhI/lJSl1nMpQ45hVarwNETOoWEimndZ4QK0RHxuxQ==
  /min-document/2.19.0:
    dependencies:
      dom-walk: 0.1.1
    dev: false
    resolution:
      integrity: sha1-e9KC4/WELtKVu3SM3Z8f+iyCRoU=
  /minimatch/3.0.4:
    dependencies:
      brace-expansion: 1.1.11
    dev: false
    resolution:
      integrity: sha512-yJHVQEhyqPLUTgt9B83PXu6W3rx4MvvHvSUvToogpwoGDOUQ+yDrR0HRot+yOCdCO7u4hX3pWft6kWBBcqh0UA==
  /minimist/0.0.8:
    dev: false
    resolution:
      integrity: sha1-hX/Kv8M5fSYluCKCYuhqp6ARsF0=
  /minimist/1.2.0:
    dev: false
    resolution:
      integrity: sha1-o1AIsg9BOD7sH7kU9M1d95omQoQ=
  /minipass/2.5.0:
    dependencies:
      safe-buffer: 5.2.0
      yallist: 3.0.3
    dev: false
    resolution:
      integrity: sha512-9FwMVYhn6ERvMR8XFdOavRz4QK/VJV8elU1x50vYexf9lslDcWe/f4HBRxCPd185ekRSjU6CfYyJCECa/CQy7Q==
  /minizlib/1.2.1:
    dependencies:
      minipass: 2.5.0
    dev: false
    resolution:
      integrity: sha512-7+4oTUOWKg7AuL3vloEWekXY2/D20cevzsrNT2kGWm+39J9hGTCBv8VI5Pm5lXZ/o3/mdR4f8rflAPhnQb8mPA==
  /mkdirp/0.5.1:
    dependencies:
      minimist: 0.0.8
    dev: false
    hasBin: true
    resolution:
      integrity: sha1-MAV0OOrGz3+MR2fzhkjWaX11yQM=
  /ms/2.1.2:
    dev: false
    resolution:
      integrity: sha512-sGkPx+VjMtmA6MX27oA4FBFELFCZZ4S4XqeGOXCv68tT+jb3vk/RyaKWP0PTKyWtmLSM0b+adUTEvbs1PEaH2w==
  /nan/2.14.0:
    dev: false
    resolution:
      integrity: sha512-INOFj37C7k3AfaNTtX8RhsTw7qRy7eLET14cROi9+5HAVbbHuIWUHEauBv5qT4Av2tWasiTY1Jw6puUNqRJXQg==
  /needle/2.4.0:
    dependencies:
      debug: 3.2.6
      iconv-lite: 0.4.24
      sax: 1.2.4
    dev: false
    engines:
      node: '>= 4.4.x'
    hasBin: true
    resolution:
      integrity: sha512-4Hnwzr3mi5L97hMYeNl8wRW/Onhy4nUKR/lVemJ8gJedxxUyBLm9kkrDColJvoSfwi0jCNhD+xCdOtiGDQiRZg==
  /node-pre-gyp/0.11.0:
    dependencies:
      detect-libc: 1.0.3
      mkdirp: 0.5.1
      needle: 2.4.0
      nopt: 4.0.1
      npm-packlist: 1.4.4
      npmlog: 4.1.2
      rc: 1.2.8
      rimraf: 2.7.1
      semver: 5.7.1
      tar: 4.4.10
    dev: false
    hasBin: true
    resolution:
      integrity: sha512-TwWAOZb0j7e9eGaf9esRx3ZcLaE5tQ2lvYy1pb5IAaG1a2e2Kv5Lms1Y4hpj+ciXJRofIxxlt5haeQ/2ANeE0Q==
  /nopt/4.0.1:
    dependencies:
      abbrev: 1.1.1
      osenv: 0.1.5
    dev: false
    hasBin: true
    resolution:
      integrity: sha1-0NRoWv1UFRk8jHUFYC0NF81kR00=
  /normalize-url/4.3.0:
    dev: false
    engines:
      node: '>=8'
    resolution:
      integrity: sha512-0NLtR71o4k6GLP+mr6Ty34c5GA6CMoEsncKJxvQd8NzPxaHRJNnb5gZE8R1XF4CPIS7QPHLJ74IFszwtNVAHVQ==
  /npm-bundled/1.0.6:
    dev: false
    resolution:
      integrity: sha512-8/JCaftHwbd//k6y2rEWp6k1wxVfpFzB6t1p825+cUb7Ym2XQfhwIC5KwhrvzZRJu+LtDE585zVaS32+CGtf0g==
  /npm-packlist/1.4.4:
    dependencies:
      ignore-walk: 3.0.1
      npm-bundled: 1.0.6
    dev: false
    resolution:
      integrity: sha512-zTLo8UcVYtDU3gdeaFu2Xu0n0EvelfHDGuqtNIn5RO7yQj4H1TqNdBc/yZjxnWA0PVB8D3Woyp0i5B43JwQ6Vw==
  /npmlog/4.1.2:
    dependencies:
      are-we-there-yet: 1.1.5
      console-control-strings: 1.1.0
      gauge: 2.7.4
      set-blocking: 2.0.0
    dev: false
    resolution:
      integrity: sha512-2uUqazuKlTaSI/dC8AzicUck7+IrEaOnN/e0jd3Xtt1KcGpwx30v50mL7oPyr/h9bL3E4aZccVwpwP+5W9Vjkg==
  /nth-check/1.0.2:
    dependencies:
      boolbase: 1.0.0
    dev: false
    resolution:
      integrity: sha512-WeBOdju8SnzPN5vTUJYxYUxLeXpCaVP5i5e0LF8fg7WORF2Wd7wFX/pk0tYZk7s8T+J7VLy0Da6J1+wCT0AtHg==
  /number-is-nan/1.0.1:
    dev: false
    engines:
      node: '>=0.10.0'
    resolution:
      integrity: sha1-CXtgK1NCKlIsGvuHkDGDNpQaAR0=
  /object-assign/4.1.1:
    dev: false
    engines:
      node: '>=0.10.0'
    resolution:
      integrity: sha1-IQmtx5ZYh8/AXLvUQsrIv7s2CGM=
  /object-keys/1.1.1:
    dev: false
    engines:
      node: '>= 0.4'
    resolution:
      integrity: sha512-NuAESUOUMrlIXOfHKzD6bpPu3tYt3xvjNdRIQ+FeT0lNb4K8WR70CaDxhuNguS2XG+GjkyMwOzsN5ZktImfhLA==
  /omggif/1.0.10:
    dev: false
    resolution:
      integrity: sha512-LMJTtvgc/nugXj0Vcrrs68Mn2D1r0zf630VNtqtpI1FEO7e+O9FP4gqs9AcnBaSEeoHIPm28u6qgPR0oyEpGSw==
  /once/1.4.0:
    dependencies:
      wrappy: 1.0.2
    dev: false
    resolution:
      integrity: sha1-WDsap3WWHUsROsF9nFC6753Xa9E=
  /os-homedir/1.0.2:
    dev: false
    engines:
      node: '>=0.10.0'
    resolution:
      integrity: sha1-/7xJiDNuDoM94MFox+8VISGqf7M=
  /os-tmpdir/1.0.2:
    dev: false
    engines:
      node: '>=0.10.0'
    resolution:
      integrity: sha1-u+Z0BseaqFxc/sdm/lc0VV36EnQ=
  /osenv/0.1.5:
    dependencies:
      os-homedir: 1.0.2
      os-tmpdir: 1.0.2
    dev: false
    resolution:
      integrity: sha512-0CWcCECdMVc2Rw3U5w9ZjqX6ga6ubk1xDVKxtBQPK7wis/0F2r9T6k4ydGYhecl7YUBxBVxhL5oisPsNxAPe2g==
  /p-cancelable/1.1.0:
    dev: false
    engines:
      node: '>=6'
    resolution:
      integrity: sha512-s73XxOZ4zpt1edZYZzvhqFa6uvQc1vwUa0K0BdtIZgQMAJj9IbebH+JkgKZc9h+B05PKHLOTl4ajG1BmNrVZlw==
  /pako/1.0.10:
    dev: false
    resolution:
      integrity: sha512-0DTvPVU3ed8+HNXOu5Bs+o//Mbdj9VNQMUOe9oKCwh8l0GNwpTDMKCWbRjgtD291AWnkAgkqA/LOnQS8AmS1tw==
  /parse-bmfont-ascii/1.0.6:
    dev: false
    resolution:
      integrity: sha1-Eaw8P/WPfCAgqyJ2kHkQjU36AoU=
  /parse-bmfont-binary/1.0.6:
    dev: false
    resolution:
      integrity: sha1-0Di0dtPp3Z2x4RoLDlOiJ5K2kAY=
  /parse-bmfont-xml/1.1.4:
    dependencies:
      xml-parse-from-string: 1.0.1
      xml2js: 0.4.19
    dev: false
    resolution:
      integrity: sha512-bjnliEOmGv3y1aMEfREMBJ9tfL3WR0i0CKPj61DnSLaoxWR3nLrsQrEbCId/8rF4NyRF0cCqisSVXyQYWM+mCQ==
  /parse-headers/2.0.2:
    dependencies:
      for-each: 0.3.3
      string.prototype.trim: 1.2.0
    dev: false
    resolution:
      integrity: sha512-/LypJhzFmyBIDYP9aDVgeyEb5sQfbfY5mnDq4hVhlQ69js87wXfmEI5V3xI6vvXasqebp0oCytYFLxsBVfCzSg==
  /parse5/3.0.3:
    dependencies:
      '@types/node': 12.6.8
    dev: false
    resolution:
      integrity: sha512-rgO9Zg5LLLkfJF9E6CCmXlSE4UVceloys8JrFqCcHloC3usd/kJCyPDwH2SOlzix2j3xaP9sUX3e8+kvkuleAA==
  /path-is-absolute/1.0.1:
    dev: false
    engines:
      node: '>=0.10.0'
    resolution:
      integrity: sha1-F0uSaHNVNP+8es5r9TpanhtcX18=
  /phin/2.9.3:
    dev: false
    resolution:
      integrity: sha512-CzFr90qM24ju5f88quFC/6qohjC144rehe5n6DH900lgXmUe86+xCKc10ev56gRKC4/BkHUoG4uSiQgBiIXwDA==
  /pixelmatch/4.0.2:
    dependencies:
      pngjs: 3.4.0
    dev: false
    hasBin: true
    resolution:
      integrity: sha1-j0fc7FARtHe2fbA8JDvB8wheiFQ=
  /pngjs/3.4.0:
    dev: false
    engines:
      node: '>=4.0.0'
    resolution:
      integrity: sha512-NCrCHhWmnQklfH4MtJMRjZ2a8c80qXeMlQMv2uVp9ISJMTt562SbGd6n2oq0PaPgKm7Z6pL9E2UlLIhC+SHL3w==
  /prepend-http/2.0.0:
    dev: false
    engines:
      node: '>=4'
    resolution:
      integrity: sha1-6SQ0v6XqjBn0HN/UAddBo8gZ2Jc=
  /prism-media/0.0.3:
    dev: false
    resolution:
      integrity: sha512-c9KkNifSMU/iXT8FFTaBwBMr+rdVcN+H/uNv1o+CuFeTThNZNTOrQ+RgXA1yL/DeLk098duAeRPP3QNPNbhxYQ==
  /process-nextick-args/2.0.1:
    dev: false
    resolution:
      integrity: sha512-3ouUOpQhtgrbOa17J7+uxOTpITYWaGP7/AhoR3+A+/1e9skrzelGi/dXzEYyvbxubEF6Wn2ypscTKiKJFFn1ag==
  /process/0.5.2:
    dev: false
    engines:
      node: '>= 0.6.0'
    resolution:
      integrity: sha1-FjjYqONML0QKkduVq5rrZ3/Bhc8=
  /pump/3.0.0:
    dependencies:
      end-of-stream: 1.4.1
      once: 1.4.0
    dev: false
    resolution:
      integrity: sha512-LwZy+p3SFs1Pytd/jYct4wpv49HiYCqd9Rlc5ZVdk0V+8Yzv6jR5Blk3TRmPL1ft69TxP0IMZGJ+WPFU2BFhww==
  /rc/1.2.8:
    dependencies:
      deep-extend: 0.6.0
      ini: 1.3.5
      minimist: 1.2.0
      strip-json-comments: 2.0.1
    dev: false
    hasBin: true
    resolution:
      integrity: sha512-y3bGgqKj3QBdxLbLkomlohkvsA8gdAiUQlSBJnBhfn+BPxg4bc62d8TcBW15wavDfgexCgccckhcZvywyQYPOw==
  /readable-stream/2.3.6:
    dependencies:
      core-util-is: 1.0.2
      inherits: 2.0.4
      isarray: 1.0.0
      process-nextick-args: 2.0.1
      safe-buffer: 5.1.2
      string_decoder: 1.1.1
      util-deprecate: 1.0.2
    dev: false
    resolution:
      integrity: sha512-tQtKA9WIAhBF3+VLAseyMqZeBjW0AHJoxOtYqSUZNJxauErmLbVm2FW1y+J/YA9dUrAC39ITejlZWhVIwawkKw==
  /readable-stream/3.4.0:
    dependencies:
      inherits: 2.0.4
      string_decoder: 1.2.0
      util-deprecate: 1.0.2
    dev: false
    engines:
      node: '>= 6'
    resolution:
      integrity: sha512-jItXPLmrSR8jmTRmRWJXCnGJsfy85mB3Wd/uINMXA65yrnFo0cPClFIUWzo2najVNSl+mx7/4W8ttlLWJe99pQ==
  /regenerator-runtime/0.13.3:
    dev: false
    resolution:
      integrity: sha512-naKIZz2GQ8JWh///G7L3X6LaQUAMp2lvb1rvwwsURe/VXwD6VMfr+/1NuNw3ag8v2kY1aQ/go5SNn79O9JU7yw==
  /responselike/1.0.2:
    dependencies:
      lowercase-keys: 1.0.1
    dev: false
    resolution:
      integrity: sha1-kYcg7ztjHFZCvgaPFa3lpG9Loec=
  /rimraf/2.7.1:
    dependencies:
      glob: 7.1.4
    dev: false
    hasBin: true
    resolution:
      integrity: sha512-uWjbaKIK3T1OSVptzX7Nl6PvQ3qAGtKEtVRjRuazjfL3Bx5eI409VZSqgND+4UNnmzLVdPj9FqFJNPqBZFve4w==
  /safe-buffer/5.1.2:
    dev: false
    resolution:
      integrity: sha512-Gd2UZBJDkXlY7GbJxfsE8/nvKkUEU1G38c1siN6QP6a9PT9MmHB8GnpscSmMJSoF8LOIrt8ud/wPtojys4G6+g==
  /safe-buffer/5.2.0:
    dev: false
    resolution:
      integrity: sha512-fZEwUGbVl7kouZs1jCdMLdt95hdIv0ZeHg6L7qPeciMZhZ+/gdesW4wgTARkrFWEpspjEATAzUGPG8N2jJiwbg==
  /safer-buffer/2.1.2:
    dev: false
    resolution:
      integrity: sha512-YZo3K82SD7Riyi0E1EQPojLz7kpepnSQI9IyPbHHg1XXXevb5dJI7tpyN2ADxGcQbHG7vcyRHk0cbwqcQriUtg==
  /sax/1.2.4:
    dev: false
    resolution:
      integrity: sha512-NqVDv9TpANUjFm0N8uM5GxL36UgKi9/atZw+x7YFnQ8ckwFGKrl4xX4yWtrey3UJm5nP1kUbnYgLopqWNSRhWw==
  /semver/5.7.1:
    dev: false
    hasBin: true
    resolution:
      integrity: sha512-sauaDf/PZdVgrLTNYHRtpXa1iRiKcaebiKQ1BJdpQlWH2lCvexQdX55snPFyK7QzpudqbCI0qXFfOasHdyNDGQ==
  /set-blocking/2.0.0:
    dev: false
    resolution:
      integrity: sha1-BF+XgtARrppoA93TgrJDkrPYkPc=
  /signal-exit/3.0.2:
    dev: false
    resolution:
      integrity: sha1-tf3AjxKH6hF4Yo5BXiUTK3NkbG0=
  /simple-concat/1.0.0:
    dev: false
    resolution:
      integrity: sha1-c0TLuLbib7J9ZrL8hvn21Zl1IcY=
  /simple-get/3.0.3:
    dependencies:
      decompress-response: 3.3.0
      once: 1.4.0
      simple-concat: 1.0.0
    dev: false
    resolution:
      integrity: sha512-Wvre/Jq5vgoz31Z9stYWPLn0PqRqmBDpFSdypAnHu5AvRVCYPRYGnvryNLiXu8GOBNDH82J2FRHUGMjjHUpXFw==
  /skmeans/0.10.2:
    dev: false
    resolution:
      integrity: sha512-rBsl7uoajrvsJnfSUhnaHXGUAbckPXyOrrUDx7LEo3/keOgY2dVu3KQFZJjTgts+h/L4j2vNPGo6TWUI4wfFRw==
  /snekfetch/3.6.4:
    deprecated: use node-fetch instead
    dev: false
    resolution:
      integrity: sha512-NjxjITIj04Ffqid5lqr7XdgwM7X61c/Dns073Ly170bPQHLm6jkmelye/eglS++1nfTWktpP6Y2bFXjdPlQqdw==
  /source-map-support/0.5.13:
    dependencies:
      buffer-from: 1.1.1
      source-map: 0.6.1
    dev: false
    resolution:
      integrity: sha512-SHSKFHadjVA5oR4PPqhtAVdcBWwRYVd6g6cAXnIbRiIwc2EhPrTuKUBdSLvlEKyIP3GCf89fltvcZiP9MMFA1w==
  /source-map/0.6.1:
    dev: false
    engines:
      node: '>=0.10.0'
    resolution:
      integrity: sha512-UjgapumWlbMhkBgzT7Ykc5YXUT46F0iKu8SGXq0bcwP5dz/h0Plj6enJqjz1Zbq2l5WaqYnrVbwWOWMyF3F47g==
  /string-width/1.0.2:
    dependencies:
      code-point-at: 1.1.0
      is-fullwidth-code-point: 1.0.0
      strip-ansi: 3.0.1
    dev: false
    engines:
      node: '>=0.10.0'
    resolution:
      integrity: sha1-EYvfW4zcUaKn5w0hHgfisLmxB9M=
  /string-width/2.1.1:
    dependencies:
      is-fullwidth-code-point: 2.0.0
      strip-ansi: 4.0.0
    dev: false
    engines:
      node: '>=4'
    resolution:
      integrity: sha512-nOqH59deCq9SRHlxq1Aw85Jnt4w6KvLKqWVik6oA9ZklXLNIOlqg4F2yrT1MVaTjAqvVwdfeZ7w7aCvJD7ugkw==
  /string.prototype.trim/1.2.0:
    dependencies:
      define-properties: 1.1.3
      es-abstract: 1.13.0
      function-bind: 1.1.1
    dev: false
    engines:
      node: '>= 0.4'
    resolution:
      integrity: sha512-9EIjYD/WdlvLpn987+ctkLf0FfvBefOCuiEr2henD8X+7jfwPnyvTdmW8OJhj5p+M0/96mBdynLWkxUr+rHlpg==
  /string_decoder/1.1.1:
    dependencies:
      safe-buffer: 5.1.2
    dev: false
    resolution:
      integrity: sha512-n/ShnvDi6FHbbVfviro+WojiFzv+s8MPMHBczVePfUpDJLwoLT0ht1l4YwBCbi8pJAveEEdnkHyPyTP/mzRfwg==
  /string_decoder/1.2.0:
    dependencies:
      safe-buffer: 5.1.2
    dev: false
    resolution:
      integrity: sha512-6YqyX6ZWEYguAxgZzHGL7SsCeGx3V2TtOTqZz1xSTSWnqsbWwbptafNyvf/ACquZUXV3DANr5BDIwNYe1mN42w==
  /strip-ansi/3.0.1:
    dependencies:
      ansi-regex: 2.1.1
    dev: false
    engines:
      node: '>=0.10.0'
    resolution:
      integrity: sha1-ajhfuIU9lS1f8F0Oiq+UJ43GPc8=
  /strip-ansi/4.0.0:
    dependencies:
      ansi-regex: 3.0.0
    dev: false
    engines:
      node: '>=4'
    resolution:
      integrity: sha1-qEeQIusaw2iocTibY1JixQXuNo8=
  /strip-json-comments/2.0.1:
    dev: false
    engines:
      node: '>=0.10.0'
    resolution:
      integrity: sha1-PFMZQukIwml8DsNEhYwobHygpgo=
  /tar/4.4.10:
    dependencies:
      chownr: 1.1.2
      fs-minipass: 1.2.6
      minipass: 2.5.0
      minizlib: 1.2.1
      mkdirp: 0.5.1
      safe-buffer: 5.2.0
      yallist: 3.0.3
    dev: false
    engines:
      node: '>=4.5'
    resolution:
      integrity: sha512-g2SVs5QIxvo6OLp0GudTqEf05maawKUxXru104iaayWA09551tFCTI8f1Asb4lPfkBr91k07iL4c11XO3/b0tA==
  /timm/1.6.1:
    dev: false
    resolution:
      integrity: sha512-hqDTYi/bWuDxL2i6T3v6nrvkAQ/1Bc060GSkVEQZp02zTSTB4CHSKsOkliequCftQaNRcjRqUZmpGWs5FfhrNg==
  /tinycolor2/1.4.1:
    dev: false
    resolution:
      integrity: sha1-9PrTM0R7wLB9TcjpIJ2POaisd+g=
  /to-readable-stream/1.0.0:
    dev: false
    engines:
      node: '>=6'
    resolution:
      integrity: sha512-Iq25XBt6zD5npPhlLVXGFN3/gyR2/qODcKNNyTMd4vbm39HUaOiAM4PMq0eMVC/Tkxz+Zjdsc55g9yyz+Yq00Q==
  /ts-node/8.3.0_typescript@3.5.3:
    dependencies:
      arg: 4.1.1
      diff: 4.0.1
      make-error: 1.3.5
      source-map-support: 0.5.13
      typescript: 3.5.3
      yn: 3.1.1
    dev: false
    engines:
      node: '>=4.2.0'
    hasBin: true
    peerDependencies:
      typescript: '>=2.0'
    resolution:
      integrity: sha512-dyNS/RqyVTDcmNM4NIBAeDMpsAdaQ+ojdf0GOLqE6nwJOgzEkdRNzJywhDfwnuvB10oa6NLVG1rUJQCpRN7qoQ==
  /tweetnacl/1.0.1:
    dev: false
    resolution:
      integrity: sha512-kcoMoKTPYnoeS50tzoqjPY3Uv9axeuuFAZY9M/9zFnhoVvRfxz9K29IMPD7jGmt2c8SW7i3gT9WqDl2+nV7p4A==
  /typescript/3.5.3:
    dev: false
    engines:
      node: '>=4.2.0'
    hasBin: true
    resolution:
      integrity: sha512-ACzBtm/PhXBDId6a6sDJfroT2pOWt/oOnk4/dElG5G33ZL776N3Y6/6bKZJBFpd+b05F3Ct9qDjMeJmRWtE2/g==
  /url-parse-lax/3.0.0:
    dependencies:
      prepend-http: 2.0.0
    dev: false
    engines:
      node: '>=4'
    resolution:
      integrity: sha1-FrXK/Afb42dsGxmZF3gj1lA6yww=
  /utif/2.0.1:
    dependencies:
      pako: 1.0.10
    dev: false
    resolution:
      integrity: sha512-Z/S1fNKCicQTf375lIP9G8Sa1H/phcysstNrrSdZKj1f9g58J4NMgb5IgiEZN9/nLMPDwF0W7hdOe9Qq2IYoLg==
  /util-deprecate/1.0.2:
    dev: false
    resolution:
      integrity: sha1-RQ1Nyfpw3nMnYvvS1KKJgUGaDM8=
  /wide-align/1.1.3:
    dependencies:
      string-width: 2.1.1
    dev: false
    resolution:
      integrity: sha512-QGkOQc8XL6Bt5PwnsExKBPuMKBxnGxWWW3fU55Xt4feHozMUhdUMaBCk290qpm/wG5u/RSKzwdAC4i51YigihA==
  /wrappy/1.0.2:
    dev: false
    resolution:
      integrity: sha1-tSQ9jz7BqjXxNkYFvA0QNuMKtp8=
  /ws/6.2.1:
    dependencies:
      async-limiter: 1.0.0
    dev: false
    resolution:
      integrity: sha512-GIyAXC2cB7LjvpgMt9EKS2ldqr0MTrORaleiOno6TweZ6r3TKtoFQWay/2PceJ3RuBasOHzXNn5Lrw1X0bEjqA==
  /xhr/2.5.0:
    dependencies:
      global: 4.3.2
      is-function: 1.0.1
      parse-headers: 2.0.2
      xtend: 4.0.2
    dev: false
    resolution:
      integrity: sha512-4nlO/14t3BNUZRXIXfXe+3N6w3s1KoxcJUUURctd64BLRe67E4gRwp4PjywtDY72fXpZ1y6Ch0VZQRY/gMPzzQ==
  /xml-parse-from-string/1.0.1:
    dev: false
    resolution:
      integrity: sha1-qQKekp09vN7RafPG4oI42VpdWig=
  /xml2js/0.4.19:
    dependencies:
      sax: 1.2.4
      xmlbuilder: 9.0.7
    dev: false
    resolution:
      integrity: sha512-esZnJZJOiJR9wWKMyuvSE1y6Dq5LCuJanqhxslH2bxM6duahNZ+HMpCLhBQGZkbX6xRf8x1Y2eJlgt2q3qo49Q==
  /xmlbuilder/9.0.7:
    dev: false
    engines:
      node: '>=4.0'
    resolution:
      integrity: sha1-Ey7mPS7FVlxVfiD0wi35rKaGsQ0=
  /xtend/4.0.2:
    dev: false
    engines:
      node: '>=0.4'
    resolution:
      integrity: sha512-LKYU1iAXJXUgAXn9URjiu+MWhyUXHsvfp7mcuYm9dSUKK0/CjtrUwFAxD82/mCWbtLsGjFIad0wIsod4zrTAEQ==
  /yallist/3.0.3:
    dev: false
    resolution:
      integrity: sha512-S+Zk8DEWE6oKpV+vI3qWkaK+jSbIK86pCwe2IF/xwIpQ8jEuxpw9NyaGjmp9+BoJv5FV2piqCDcoCtStppiq2A==
  /yn/3.1.1:
    dev: false
    engines:
      node: '>=6'
    resolution:
      integrity: sha512-Ux4ygGWsu2c7isFWe8Yu1YluJmqVhxqK2cLXNQA5AcC3QfbGNpM7fu0Y8b/z16pXLnFxZYvWhd3fhBY9DLmC6Q==
specifiers:
  '@types/node': ^12.6.9
  canvas: ^2.6.0
  cheerio: ^1.0.0-rc.2
  discord.js: ^11.4.2
  dotenv: ^6.2.0
  esm: ^3.2.4
  got: ^9.6.0
  intl: ^1.2.5
  jimp: ^0.6.4
  skmeans: ^0.10.2
  ts-node: ^8.3.0
  typescript: ^3.5.3
